
Microsoft Visual Studio Solution File, Format Version 12.00
# Visual Studio Version 17
VisualStudioVersion = 17.5.002.0
MinimumVisualStudioVersion = 10.0.40219.1
Project("{9A19103F-16F7-4668-BE54-9A1E7A4F7556}") = "BlogEF", "BlogEF.csproj", "{C3784526-C2F5-4E39-9E59-505FC6D565D4}"
EndProject
Global
	GlobalSection(SolutionConfigurationPlatforms) = preSolution
		Debug|Any CPU = Debug|Any CPU
		Release|Any CPU = Release|Any CPU
	EndGlobalSection
	GlobalSection(ProjectConfigurationPlatforms) = postSolution
		{C3784526-C2F5-4E39-9E59-505FC6D565D4}.Debug|Any CPU.ActiveCfg = Debug|Any CPU
		{C3784526-C2F5-4E39-9E59-505FC6D565D4}.Debug|Any CPU.Build.0 = Debug|Any CPU
		{C3784526-C2F5-4E39-9E59-505FC6D565D4}.Release|Any CPU.ActiveCfg = Release|Any CPU
		{C3784526-C2F5-4E39-9E59-505FC6D565D4}.Release|Any CPU.Build.0 = Release|Any CPU
	EndGlobalSection
	GlobalSection(SolutionProperties) = preSolution
		HideSolutionNode = FALSE
	EndGlobalSection
	GlobalSection(ExtensibilityGlobals) = postSolution
		SolutionGuid = {9CA6BA1F-D83D-42F5-9FDE-F940522669B1}
	EndGlobalSection
EndGlobal
